
Microsoft Visual Studio Solution File, Format Version 12.00
# Visual Studio 15
VisualStudioVersion = 15.0.27130.2010
MinimumVisualStudioVersion = 10.0.40219.1
Project("{FAE04EC0-301F-11D3-BF4B-00C04F79EFBC}") = "Quiz", "Quiz\Quiz.csproj", "{E12A16BA-5E4B-4DFA-937D-569B858BAB05}"
EndProject
Project("{FAE04EC0-301F-11D3-BF4B-00C04F79EFBC}") = "FileReader", "FileReader\FileReader.csproj", "{379933E3-B74B-449D-851C-33DEC4E4B877}"
EndProject
Global
	GlobalSection(SolutionConfigurationPlatforms) = preSolution
		Debug|Any CPU = Debug|Any CPU
		Release|Any CPU = Release|Any CPU
	EndGlobalSection
	GlobalSection(ProjectConfigurationPlatforms) = postSolution
		{E12A16BA-5E4B-4DFA-937D-569B858BAB05}.Debug|Any CPU.ActiveCfg = Debug|Any CPU
		{E12A16BA-5E4B-4DFA-937D-569B858BAB05}.Debug|Any CPU.Build.0 = Debug|Any CPU
		{E12A16BA-5E4B-4DFA-937D-569B858BAB05}.Release|Any CPU.ActiveCfg = Release|Any CPU
		{E12A16BA-5E4B-4DFA-937D-569B858BAB05}.Release|Any CPU.Build.0 = Release|Any CPU
		{379933E3-B74B-449D-851C-33DEC4E4B877}.Debug|Any CPU.ActiveCfg = Debug|Any CPU
		{379933E3-B74B-449D-851C-33DEC4E4B877}.Debug|Any CPU.Build.0 = Debug|Any CPU
		{379933E3-B74B-449D-851C-33DEC4E4B877}.Release|Any CPU.ActiveCfg = Release|Any CPU
		{379933E3-B74B-449D-851C-33DEC4E4B877}.Release|Any CPU.Build.0 = Release|Any CPU
	EndGlobalSection
	GlobalSection(SolutionProperties) = preSolution
		HideSolutionNode = FALSE
	EndGlobalSection
	GlobalSection(ExtensibilityGlobals) = postSolution
		SolutionGuid = {3ABB21EE-8154-40C4-9C2F-DCCE830EF183}
	EndGlobalSection
EndGlobal
